<?xml version="1.0" encoding="utf-8"?>
<Project ToolsVersion="4.0" xmlns="http://schemas.microsoft.com/developer/msbuild/2003">
  <ItemGroup>
    <Filter Include="Source Files">
      <UniqueIdentifier>{4FC737F1-C7A5-4376-A066-2A32D752A2FF}</UniqueIdentifier>
      <Extensions>cpp;c;cc;cxx;def;odl;idl;hpj;bat;asm;asmx</Extensions>
    </Filter>
    <Filter Include="Header Files">
      <UniqueIdentifier>{93995380-89BD-4b04-88EB-625FBE52EBFB}</UniqueIdentifier>
      <Extensions>h;hpp;hxx;hm;inl;inc;xsd</Extensions>
    </Filter>
    <Filter Include="Resource Files">
      <UniqueIdentifier>{67DA6AB6-F800-4c08-8B7A-83BB121AAD01}</UniqueIdentifier>
      <Extensions>rc;ico;cur;bmp;dlg;rc2;rct;bin;rgs;gif;jpg;jpeg;jpe;resx;tiff;tif;png;wav;mfcribbon-ms</Extensions>
    </Filter>
  </ItemGroup>
  <ItemGroup>
    <None Include="ReadMe.txt" />
  </ItemGroup>
  <ItemGroup>
    <ClInclude Include="stdafx.h">
      <Filter>Header Files</Filter>
    </ClInclude>
    <ClInclude Include="targetver.h">
      <Filter>Header Files</Filter>
    </ClInclude>
    <ClInclude Include="videoPreordersvc.h">
      <Filter>Header Files</Filter>
    </ClInclude>
    <ClInclude Include="videopkt.h">
      <Filter>Header Files</Filter>
    </ClInclude>
    <ClInclude Include="eventNode.h">
      <Filter>Header Files</Filter>
    </ClInclude>
    <ClInclude Include="channelProperty.h">
      <Filter>Header Files</Filter>
    </ClInclude>
    <ClInclude Include="EventFIFOqueue.h">
      <Filter>Header Files</Filter>
    </ClInclude>
    <ClInclude Include="sendingWindow.h">
      <Filter>Header Files</Filter>
    </ClInclude>
    <ClInclude Include="networkFIFOqueue.h">
      <Filter>Header Files</Filter>
    </ClInclude>
    <ClInclude Include="Eventqueue.h">
      <Filter>Header Files</Filter>
    </ClInclude>
    <ClInclude Include="videoDecoder.h">
      <Filter>Header Files</Filter>
    </ClInclude>
    <ClInclude Include="videoFrame.h">
      <Filter>Header Files</Filter>
    </ClInclude>
    <ClInclude Include="RTTUpdate.h">
      <Filter>Header Files</Filter>
    </ClInclude>
    <ClInclude Include="rateID.h">
      <Filter>Header Files</Filter>
    </ClInclude>
    <ClInclude Include="timeoutUpdate.h">
      <Filter>Header Files</Filter>
    </ClInclude>
    <ClInclude Include="unAckedQueue.h">
      <Filter>Header Files</Filter>
    </ClInclude>
    <ClInclude Include="EventQueueManagement_version4.h">
      <Filter>Header Files</Filter>
    </ClInclude>
  </ItemGroup>
  <ItemGroup>
    <ClCompile Include="stdafx.cpp">
      <Filter>Source Files</Filter>
    </ClCompile>
    <ClCompile Include="videoTransmissionSimulation.cpp">
      <Filter>Source Files</Filter>
    </ClCompile>
    <ClCompile Include="videoPreordersvc.cc">
      <Filter>Source Files</Filter>
    </ClCompile>
  </ItemGroup>
</Project>